
Microsoft Visual Studio Solution File, Format Version 12.00
# Visual Studio Version 16
VisualStudioVersion = 16.0.31005.135
MinimumVisualStudioVersion = 10.0.40219.1
Project("{FAE04EC0-301F-11D3-BF4B-00C04F79EFBC}") = "Frosty_Online_GameSide", "Frosty_Online_GameSide\Frosty_Online_GameSide.csproj", "{C0185F4C-4869-4155-A5BC-D96D82370466}"
EndProject
Global
	GlobalSection(SolutionConfigurationPlatforms) = preSolution
		Debug|Any CPU = Debug|Any CPU
		Release|Any CPU = Release|Any CPU
	EndGlobalSection
	GlobalSection(ProjectConfigurationPlatforms) = postSolution
		{C0185F4C-4869-4155-A5BC-D96D82370466}.Debug|Any CPU.ActiveCfg = Debug|Any CPU
		{C0185F4C-4869-4155-A5BC-D96D82370466}.Debug|Any CPU.Build.0 = Debug|Any CPU
		{C0185F4C-4869-4155-A5BC-D96D82370466}.Release|Any CPU.ActiveCfg = Release|Any CPU
		{C0185F4C-4869-4155-A5BC-D96D82370466}.Release|Any CPU.Build.0 = Release|Any CPU
	EndGlobalSection
	GlobalSection(SolutionProperties) = preSolution
		HideSolutionNode = FALSE
	EndGlobalSection
	GlobalSection(ExtensibilityGlobals) = postSolution
		SolutionGuid = {E475A7B5-628C-4873-8F34-791855E996CE}
	EndGlobalSection
EndGlobal
