
Microsoft Visual Studio Solution File, Format Version 12.00
# Visual Studio 15
VisualStudioVersion = 15.0.27703.2026
MinimumVisualStudioVersion = 10.0.40219.1
Project("{FAE04EC0-301F-11D3-BF4B-00C04F79EFBC}") = "FrostyP_Game_Manager", "FrostyP_Game_Manager.csproj", "{E27CB2DA-788E-4E8C-8B7E-C08FC030ED2E}"
EndProject
Project("{FAE04EC0-301F-11D3-BF4B-00C04F79EFBC}") = "PIPE_Valve_Console_Client", "PIPE_Valve_GameSide\PIPE_Valve_Console_Client.csproj", "{74AE80A9-46D3-4E58-A8E2-E4903ACE307B}"
EndProject
Project("{FAE04EC0-301F-11D3-BF4B-00C04F79EFBC}") = "PatchaMapImporter", "PatchaMapImporter\PatchaMapImporter\PatchaMapImporter.csproj", "{1731FEDE-A577-4E9E-9C21-C1E15915CE71}"
EndProject
Global
	GlobalSection(SolutionConfigurationPlatforms) = preSolution
		Debug|Any CPU = Debug|Any CPU
		Debug|x86 = Debug|x86
		Release|Any CPU = Release|Any CPU
		Release|x86 = Release|x86
	EndGlobalSection
	GlobalSection(ProjectConfigurationPlatforms) = postSolution
		{E27CB2DA-788E-4E8C-8B7E-C08FC030ED2E}.Debug|Any CPU.ActiveCfg = Debug|Any CPU
		{E27CB2DA-788E-4E8C-8B7E-C08FC030ED2E}.Debug|Any CPU.Build.0 = Debug|Any CPU
		{E27CB2DA-788E-4E8C-8B7E-C08FC030ED2E}.Debug|x86.ActiveCfg = Debug|Any CPU
		{E27CB2DA-788E-4E8C-8B7E-C08FC030ED2E}.Debug|x86.Build.0 = Debug|Any CPU
		{E27CB2DA-788E-4E8C-8B7E-C08FC030ED2E}.Release|Any CPU.ActiveCfg = Release|Any CPU
		{E27CB2DA-788E-4E8C-8B7E-C08FC030ED2E}.Release|Any CPU.Build.0 = Release|Any CPU
		{E27CB2DA-788E-4E8C-8B7E-C08FC030ED2E}.Release|x86.ActiveCfg = Release|Any CPU
		{E27CB2DA-788E-4E8C-8B7E-C08FC030ED2E}.Release|x86.Build.0 = Release|Any CPU
		{74AE80A9-46D3-4E58-A8E2-E4903ACE307B}.Debug|Any CPU.ActiveCfg = Debug|Any CPU
		{74AE80A9-46D3-4E58-A8E2-E4903ACE307B}.Debug|Any CPU.Build.0 = Debug|Any CPU
		{74AE80A9-46D3-4E58-A8E2-E4903ACE307B}.Debug|x86.ActiveCfg = Debug|x86
		{74AE80A9-46D3-4E58-A8E2-E4903ACE307B}.Debug|x86.Build.0 = Debug|x86
		{74AE80A9-46D3-4E58-A8E2-E4903ACE307B}.Release|Any CPU.ActiveCfg = Release|Any CPU
		{74AE80A9-46D3-4E58-A8E2-E4903ACE307B}.Release|Any CPU.Build.0 = Release|Any CPU
		{74AE80A9-46D3-4E58-A8E2-E4903ACE307B}.Release|x86.ActiveCfg = Release|x86
		{74AE80A9-46D3-4E58-A8E2-E4903ACE307B}.Release|x86.Build.0 = Release|x86
		{1731FEDE-A577-4E9E-9C21-C1E15915CE71}.Debug|Any CPU.ActiveCfg = Debug|Any CPU
		{1731FEDE-A577-4E9E-9C21-C1E15915CE71}.Debug|Any CPU.Build.0 = Debug|Any CPU
		{1731FEDE-A577-4E9E-9C21-C1E15915CE71}.Debug|x86.ActiveCfg = Debug|Any CPU
		{1731FEDE-A577-4E9E-9C21-C1E15915CE71}.Debug|x86.Build.0 = Debug|Any CPU
		{1731FEDE-A577-4E9E-9C21-C1E15915CE71}.Release|Any CPU.ActiveCfg = Release|Any CPU
		{1731FEDE-A577-4E9E-9C21-C1E15915CE71}.Release|Any CPU.Build.0 = Release|Any CPU
		{1731FEDE-A577-4E9E-9C21-C1E15915CE71}.Release|x86.ActiveCfg = Release|Any CPU
		{1731FEDE-A577-4E9E-9C21-C1E15915CE71}.Release|x86.Build.0 = Release|Any CPU
	EndGlobalSection
	GlobalSection(SolutionProperties) = preSolution
		HideSolutionNode = FALSE
	EndGlobalSection
	GlobalSection(ExtensibilityGlobals) = postSolution
		SolutionGuid = {5EC9D36A-8754-4AE5-8824-449A83D0255D}
	EndGlobalSection
EndGlobal
