
Microsoft Visual Studio Solution File, Format Version 12.00
# Visual Studio Version 16
VisualStudioVersion = 16.0.31005.135
MinimumVisualStudioVersion = 10.0.40219.1
Project("{FAE04EC0-301F-11D3-BF4B-00C04F79EFBC}") = "PIPE Server GUI", "PIPE Server GUI.csproj", "{242DA635-BABB-4972-A161-262453835D05}"
EndProject
Global
	GlobalSection(SolutionConfigurationPlatforms) = preSolution
		Debug|Any CPU = Debug|Any CPU
		Release|Any CPU = Release|Any CPU
	EndGlobalSection
	GlobalSection(ProjectConfigurationPlatforms) = postSolution
		{242DA635-BABB-4972-A161-262453835D05}.Debug|Any CPU.ActiveCfg = Debug|Any CPU
		{242DA635-BABB-4972-A161-262453835D05}.Debug|Any CPU.Build.0 = Debug|Any CPU
		{242DA635-BABB-4972-A161-262453835D05}.Release|Any CPU.ActiveCfg = Release|Any CPU
		{242DA635-BABB-4972-A161-262453835D05}.Release|Any CPU.Build.0 = Release|Any CPU
	EndGlobalSection
	GlobalSection(SolutionProperties) = preSolution
		HideSolutionNode = FALSE
	EndGlobalSection
	GlobalSection(ExtensibilityGlobals) = postSolution
		SolutionGuid = {80A6F149-EFD9-4F28-88BC-07BDE2D3B5CA}
	EndGlobalSection
EndGlobal
